
Microsoft Visual Studio Solution File, Format Version 12.00
# Visual Studio Version 17
VisualStudioVersion = 17.0.32112.339
MinimumVisualStudioVersion = 10.0.40219.1
Project("{9A19103F-16F7-4668-BE54-9A1E7A4F7556}") = "Html2Text", "src\Html2Text.csproj", "{ABA4955C-F632-4C8B-ABE2-E4F1107E96FE}"
EndProject
Project("{9A19103F-16F7-4668-BE54-9A1E7A4F7556}") = "Html2Text.Tests", "tests\Html2Text.Tests.csproj", "{83FBD49B-A9F6-4677-8A08-AB5FBED09D4A}"
EndProject
Project("{9A19103F-16F7-4668-BE54-9A1E7A4F7556}") = "Console", "console\Console.csproj", "{898E8E5C-9E30-42EC-991C-1507D026A4BA}"
EndProject
Global
	GlobalSection(SolutionConfigurationPlatforms) = preSolution
		Debug|Any CPU = Debug|Any CPU
		Release|Any CPU = Release|Any CPU
	EndGlobalSection
	GlobalSection(ProjectConfigurationPlatforms) = postSolution
		{ABA4955C-F632-4C8B-ABE2-E4F1107E96FE}.Debug|Any CPU.ActiveCfg = Debug|Any CPU
		{ABA4955C-F632-4C8B-ABE2-E4F1107E96FE}.Debug|Any CPU.Build.0 = Debug|Any CPU
		{ABA4955C-F632-4C8B-ABE2-E4F1107E96FE}.Release|Any CPU.ActiveCfg = Release|Any CPU
		{ABA4955C-F632-4C8B-ABE2-E4F1107E96FE}.Release|Any CPU.Build.0 = Release|Any CPU
		{83FBD49B-A9F6-4677-8A08-AB5FBED09D4A}.Debug|Any CPU.ActiveCfg = Debug|Any CPU
		{83FBD49B-A9F6-4677-8A08-AB5FBED09D4A}.Debug|Any CPU.Build.0 = Debug|Any CPU
		{83FBD49B-A9F6-4677-8A08-AB5FBED09D4A}.Release|Any CPU.ActiveCfg = Release|Any CPU
		{83FBD49B-A9F6-4677-8A08-AB5FBED09D4A}.Release|Any CPU.Build.0 = Release|Any CPU
		{898E8E5C-9E30-42EC-991C-1507D026A4BA}.Debug|Any CPU.ActiveCfg = Debug|Any CPU
		{898E8E5C-9E30-42EC-991C-1507D026A4BA}.Debug|Any CPU.Build.0 = Debug|Any CPU
		{898E8E5C-9E30-42EC-991C-1507D026A4BA}.Release|Any CPU.ActiveCfg = Release|Any CPU
		{898E8E5C-9E30-42EC-991C-1507D026A4BA}.Release|Any CPU.Build.0 = Release|Any CPU
	EndGlobalSection
	GlobalSection(SolutionProperties) = preSolution
		HideSolutionNode = FALSE
	EndGlobalSection
	GlobalSection(ExtensibilityGlobals) = postSolution
		SolutionGuid = {3CB4846B-5D29-4D09-A0E2-BEFB9F30F1A9}
	EndGlobalSection
EndGlobal
